{
  "object": {
    "pins": [
      {
        "package": "Alamofire",
        "repositoryURL": "https://github.com/Alamofire/Alamofire.git",
        "state": {
          "branch": null,
          "revision": "eaf6e622dd41b07b251d8f01752eab31bc811493",
          "version": "5.4.1"
        }
      },
      {
        "package": "MarqueeLabel",
        "repositoryURL": "https://github.com/cbpowell/MarqueeLabel",
        "state": {
          "branch": null,
          "revision": "d92fe1583dbf43fa3b70229a49fa7da6b36750d4",
          "version": "4.0.5"
        }
      },
      {
        "package": "XCDYouTubeKit",
        "repositoryURL": "git@github.com:armendh/XCDYouTubeKit.git",
        "state": {
          "branch": "master",
          "revision": "651a6a51c695c5819eb51ba2f98d0b64094315b9",
          "version": null
        }
      }
    ]
  },
  "version": 1
}
